
Microsoft Visual Studio Solution File, Format Version 12.00
# Visual Studio Version 17
VisualStudioVersion = 17.0.31903.59
MinimumVisualStudioVersion = 10.0.40219.1
Project("{2150E333-8FDC-42A3-9474-1A3956D46DE8}") = "src", "src", "{283EC844-A00B-416F-BA8F-FB374A6AD1D4}"
	ProjectSection(SolutionItems) = preProject
		..\..\..\Downloads\README.md = ..\..\..\Downloads\README.md
	EndProjectSection
EndProject
Project("{FAE04EC0-301F-11D3-BF4B-00C04F79EFBC}") = "Application", "src\Application\Application.csproj", "{99F9F5B1-109E-4A5E-B2A7-FA3B229DAE0E}"
EndProject
Project("{FAE04EC0-301F-11D3-BF4B-00C04F79EFBC}") = "Domain", "src\Domain\Domain.csproj", "{8841EB13-6F2E-42CC-81BB-6F9B0075648E}"
EndProject
Project("{FAE04EC0-301F-11D3-BF4B-00C04F79EFBC}") = "Infrastructure", "src\Infrastructure\Infrastructure.csproj", "{B77BA01D-6F3A-41FD-8A37-212B7E057267}"
EndProject
Project("{FAE04EC0-301F-11D3-BF4B-00C04F79EFBC}") = "API", "src\API\API.csproj", "{0E4373C8-898A-40AB-8FAE-5000A8C17923}"
EndProject
Project("{2150E333-8FDC-42A3-9474-1A3956D46DE8}") = "Lambdas", "Lambdas", "{E09F1730-CDA3-447A-BEB8-5A75030E3A59}"
EndProject
Project("{FAE04EC0-301F-11D3-BF4B-00C04F79EFBC}") = "CrearInvitadoUnico", "src\Lambdas\CrearInvitadoUnico\CrearInvitadoUnico.csproj", "{99DE72B1-5981-4417-8919-C4A05DD5206F}"
EndProject
Project("{FAE04EC0-301F-11D3-BF4B-00C04F79EFBC}") = "ValidarSica", "src\Lambdas\ValidarSica\ValidarSica.csproj", "{3BD8C657-AAF3-4D7B-8289-1A5CDC9A605B}"
EndProject
Project("{FAE04EC0-301F-11D3-BF4B-00C04F79EFBC}") = "ObtenerDatosReniec", "ObtenerDatosReniec\ObtenerDatosReniec.csproj", "{F98E1A96-17B0-CD32-99EF-0D7FC83BC112}"
EndProject
Project("{FAE04EC0-301F-11D3-BF4B-00C04F79EFBC}") = "Shared", "Shared\Shared.csproj", "{B2EA1E5B-293C-4222-AD06-0AB5B0656A8F}"
EndProject
Project("{FAE04EC0-301F-11D3-BF4B-00C04F79EFBC}") = "ObtenerInvitados", "ObtenerInvitados\ObtenerInvitados.csproj", "{EA7B1328-B432-BDF9-785D-9F45D3BC091E}"
EndProject
Project("{FAE04EC0-301F-11D3-BF4B-00C04F79EFBC}") = "RegistroCalimaco", "RegistroCalimaco\RegistroCalimaco.csproj", "{D2433A35-730C-1B2A-B3E2-3D75B570965E}"
EndProject
Global
	GlobalSection(SolutionConfigurationPlatforms) = preSolution
		Debug|Any CPU = Debug|Any CPU
		Release|Any CPU = Release|Any CPU
	EndGlobalSection
	GlobalSection(ProjectConfigurationPlatforms) = postSolution
		{99F9F5B1-109E-4A5E-B2A7-FA3B229DAE0E}.Debug|Any CPU.ActiveCfg = Debug|Any CPU
		{99F9F5B1-109E-4A5E-B2A7-FA3B229DAE0E}.Debug|Any CPU.Build.0 = Debug|Any CPU
		{99F9F5B1-109E-4A5E-B2A7-FA3B229DAE0E}.Release|Any CPU.ActiveCfg = Release|Any CPU
		{99F9F5B1-109E-4A5E-B2A7-FA3B229DAE0E}.Release|Any CPU.Build.0 = Release|Any CPU
		{8841EB13-6F2E-42CC-81BB-6F9B0075648E}.Debug|Any CPU.ActiveCfg = Debug|Any CPU
		{8841EB13-6F2E-42CC-81BB-6F9B0075648E}.Debug|Any CPU.Build.0 = Debug|Any CPU
		{8841EB13-6F2E-42CC-81BB-6F9B0075648E}.Release|Any CPU.ActiveCfg = Release|Any CPU
		{8841EB13-6F2E-42CC-81BB-6F9B0075648E}.Release|Any CPU.Build.0 = Release|Any CPU
		{B77BA01D-6F3A-41FD-8A37-212B7E057267}.Debug|Any CPU.ActiveCfg = Debug|Any CPU
		{B77BA01D-6F3A-41FD-8A37-212B7E057267}.Debug|Any CPU.Build.0 = Debug|Any CPU
		{B77BA01D-6F3A-41FD-8A37-212B7E057267}.Release|Any CPU.ActiveCfg = Release|Any CPU
		{B77BA01D-6F3A-41FD-8A37-212B7E057267}.Release|Any CPU.Build.0 = Release|Any CPU
		{0E4373C8-898A-40AB-8FAE-5000A8C17923}.Debug|Any CPU.ActiveCfg = Debug|Any CPU
		{0E4373C8-898A-40AB-8FAE-5000A8C17923}.Debug|Any CPU.Build.0 = Debug|Any CPU
		{0E4373C8-898A-40AB-8FAE-5000A8C17923}.Release|Any CPU.ActiveCfg = Release|Any CPU
		{0E4373C8-898A-40AB-8FAE-5000A8C17923}.Release|Any CPU.Build.0 = Release|Any CPU
		{99DE72B1-5981-4417-8919-C4A05DD5206F}.Debug|Any CPU.ActiveCfg = Debug|Any CPU
		{99DE72B1-5981-4417-8919-C4A05DD5206F}.Debug|Any CPU.Build.0 = Debug|Any CPU
		{99DE72B1-5981-4417-8919-C4A05DD5206F}.Release|Any CPU.ActiveCfg = Release|Any CPU
		{99DE72B1-5981-4417-8919-C4A05DD5206F}.Release|Any CPU.Build.0 = Release|Any CPU
		{3BD8C657-AAF3-4D7B-8289-1A5CDC9A605B}.Debug|Any CPU.ActiveCfg = Debug|Any CPU
		{3BD8C657-AAF3-4D7B-8289-1A5CDC9A605B}.Debug|Any CPU.Build.0 = Debug|Any CPU
		{3BD8C657-AAF3-4D7B-8289-1A5CDC9A605B}.Release|Any CPU.ActiveCfg = Release|Any CPU
		{3BD8C657-AAF3-4D7B-8289-1A5CDC9A605B}.Release|Any CPU.Build.0 = Release|Any CPU
		{F98E1A96-17B0-CD32-99EF-0D7FC83BC112}.Debug|Any CPU.ActiveCfg = Debug|Any CPU
		{F98E1A96-17B0-CD32-99EF-0D7FC83BC112}.Debug|Any CPU.Build.0 = Debug|Any CPU
		{F98E1A96-17B0-CD32-99EF-0D7FC83BC112}.Release|Any CPU.ActiveCfg = Release|Any CPU
		{F98E1A96-17B0-CD32-99EF-0D7FC83BC112}.Release|Any CPU.Build.0 = Release|Any CPU
		{B2EA1E5B-293C-4222-AD06-0AB5B0656A8F}.Debug|Any CPU.ActiveCfg = Debug|Any CPU
		{B2EA1E5B-293C-4222-AD06-0AB5B0656A8F}.Debug|Any CPU.Build.0 = Debug|Any CPU
		{B2EA1E5B-293C-4222-AD06-0AB5B0656A8F}.Release|Any CPU.ActiveCfg = Release|Any CPU
		{B2EA1E5B-293C-4222-AD06-0AB5B0656A8F}.Release|Any CPU.Build.0 = Release|Any CPU
		{EA7B1328-B432-BDF9-785D-9F45D3BC091E}.Debug|Any CPU.ActiveCfg = Debug|Any CPU
		{EA7B1328-B432-BDF9-785D-9F45D3BC091E}.Debug|Any CPU.Build.0 = Debug|Any CPU
		{EA7B1328-B432-BDF9-785D-9F45D3BC091E}.Release|Any CPU.ActiveCfg = Release|Any CPU
		{EA7B1328-B432-BDF9-785D-9F45D3BC091E}.Release|Any CPU.Build.0 = Release|Any CPU
		{D2433A35-730C-1B2A-B3E2-3D75B570965E}.Debug|Any CPU.ActiveCfg = Debug|Any CPU
		{D2433A35-730C-1B2A-B3E2-3D75B570965E}.Debug|Any CPU.Build.0 = Debug|Any CPU
		{D2433A35-730C-1B2A-B3E2-3D75B570965E}.Release|Any CPU.ActiveCfg = Release|Any CPU
		{D2433A35-730C-1B2A-B3E2-3D75B570965E}.Release|Any CPU.Build.0 = Release|Any CPU
	EndGlobalSection
	GlobalSection(SolutionProperties) = preSolution
		HideSolutionNode = FALSE
	EndGlobalSection
	GlobalSection(NestedProjects) = preSolution
		{99F9F5B1-109E-4A5E-B2A7-FA3B229DAE0E} = {283EC844-A00B-416F-BA8F-FB374A6AD1D4}
		{8841EB13-6F2E-42CC-81BB-6F9B0075648E} = {283EC844-A00B-416F-BA8F-FB374A6AD1D4}
		{B77BA01D-6F3A-41FD-8A37-212B7E057267} = {283EC844-A00B-416F-BA8F-FB374A6AD1D4}
		{0E4373C8-898A-40AB-8FAE-5000A8C17923} = {283EC844-A00B-416F-BA8F-FB374A6AD1D4}
		{E09F1730-CDA3-447A-BEB8-5A75030E3A59} = {283EC844-A00B-416F-BA8F-FB374A6AD1D4}
		{99DE72B1-5981-4417-8919-C4A05DD5206F} = {E09F1730-CDA3-447A-BEB8-5A75030E3A59}
		{3BD8C657-AAF3-4D7B-8289-1A5CDC9A605B} = {E09F1730-CDA3-447A-BEB8-5A75030E3A59}
		{F98E1A96-17B0-CD32-99EF-0D7FC83BC112} = {E09F1730-CDA3-447A-BEB8-5A75030E3A59}
		{B2EA1E5B-293C-4222-AD06-0AB5B0656A8F} = {283EC844-A00B-416F-BA8F-FB374A6AD1D4}
		{EA7B1328-B432-BDF9-785D-9F45D3BC091E} = {E09F1730-CDA3-447A-BEB8-5A75030E3A59}
		{D2433A35-730C-1B2A-B3E2-3D75B570965E} = {E09F1730-CDA3-447A-BEB8-5A75030E3A59}
	EndGlobalSection
	GlobalSection(ExtensibilityGlobals) = postSolution
		SolutionGuid = {29C47498-CB34-4D06-B5E5-2598BD2039DF}
	EndGlobalSection
EndGlobal
